
Microsoft Visual Studio Solution File, Format Version 12.00
# Visual Studio Version 17
VisualStudioVersion = 17.12.35514.174 d17.12
MinimumVisualStudioVersion = 10.0.40219.1
Project("{FAE04EC0-301F-11D3-BF4B-00C04F79EFBC}") = "ApiDeEstudo.Domain", "ApiDeEstudo.Domain\ApiDeEstudo.Domain.csproj", "{F54ED6B1-C843-46B5-8BF0-EE33386DBE68}"
EndProject
Project("{FAE04EC0-301F-11D3-BF4B-00C04F79EFBC}") = "ApiDeEstudo.Infra.Data", "ApiDeEstudo.Infra\ApiDeEstudo.Infra.Data.csproj", "{085FAC3F-FEFA-42A7-9168-4DEA94C6782B}"
EndProject
Project("{FAE04EC0-301F-11D3-BF4B-00C04F79EFBC}") = "ApiDeEstudo.Application", "ApiDeEstudo.Application\ApiDeEstudo.Application.csproj", "{9E69B2D6-F216-4B39-94C8-A54D444CC1FB}"
EndProject
Project("{FAE04EC0-301F-11D3-BF4B-00C04F79EFBC}") = "ApiDeEstudo.Infra.IoC", "ApiDeEstudo.Infra.IoC\ApiDeEstudo.Infra.IoC.csproj", "{A5D1357C-9FF5-4CBB-8546-1C59416CFB37}"
EndProject
Project("{FAE04EC0-301F-11D3-BF4B-00C04F79EFBC}") = "ApiDeEstudo.Api", "ApiDeEstudo.Api\ApiDeEstudo.Api.csproj", "{35E820D6-832E-4CFE-8A0F-965D133DDA86}"
EndProject
Global
	GlobalSection(SolutionConfigurationPlatforms) = preSolution
		Debug|Any CPU = Debug|Any CPU
		Release|Any CPU = Release|Any CPU
	EndGlobalSection
	GlobalSection(ProjectConfigurationPlatforms) = postSolution
		{F54ED6B1-C843-46B5-8BF0-EE33386DBE68}.Debug|Any CPU.ActiveCfg = Debug|Any CPU
		{F54ED6B1-C843-46B5-8BF0-EE33386DBE68}.Debug|Any CPU.Build.0 = Debug|Any CPU
		{F54ED6B1-C843-46B5-8BF0-EE33386DBE68}.Release|Any CPU.ActiveCfg = Release|Any CPU
		{F54ED6B1-C843-46B5-8BF0-EE33386DBE68}.Release|Any CPU.Build.0 = Release|Any CPU
		{085FAC3F-FEFA-42A7-9168-4DEA94C6782B}.Debug|Any CPU.ActiveCfg = Debug|Any CPU
		{085FAC3F-FEFA-42A7-9168-4DEA94C6782B}.Debug|Any CPU.Build.0 = Debug|Any CPU
		{085FAC3F-FEFA-42A7-9168-4DEA94C6782B}.Release|Any CPU.ActiveCfg = Release|Any CPU
		{085FAC3F-FEFA-42A7-9168-4DEA94C6782B}.Release|Any CPU.Build.0 = Release|Any CPU
		{9E69B2D6-F216-4B39-94C8-A54D444CC1FB}.Debug|Any CPU.ActiveCfg = Debug|Any CPU
		{9E69B2D6-F216-4B39-94C8-A54D444CC1FB}.Debug|Any CPU.Build.0 = Debug|Any CPU
		{9E69B2D6-F216-4B39-94C8-A54D444CC1FB}.Release|Any CPU.ActiveCfg = Release|Any CPU
		{9E69B2D6-F216-4B39-94C8-A54D444CC1FB}.Release|Any CPU.Build.0 = Release|Any CPU
		{A5D1357C-9FF5-4CBB-8546-1C59416CFB37}.Debug|Any CPU.ActiveCfg = Debug|Any CPU
		{A5D1357C-9FF5-4CBB-8546-1C59416CFB37}.Debug|Any CPU.Build.0 = Debug|Any CPU
		{A5D1357C-9FF5-4CBB-8546-1C59416CFB37}.Release|Any CPU.ActiveCfg = Release|Any CPU
		{A5D1357C-9FF5-4CBB-8546-1C59416CFB37}.Release|Any CPU.Build.0 = Release|Any CPU
		{35E820D6-832E-4CFE-8A0F-965D133DDA86}.Debug|Any CPU.ActiveCfg = Debug|Any CPU
		{35E820D6-832E-4CFE-8A0F-965D133DDA86}.Debug|Any CPU.Build.0 = Debug|Any CPU
		{35E820D6-832E-4CFE-8A0F-965D133DDA86}.Release|Any CPU.ActiveCfg = Release|Any CPU
		{35E820D6-832E-4CFE-8A0F-965D133DDA86}.Release|Any CPU.Build.0 = Release|Any CPU
	EndGlobalSection
	GlobalSection(SolutionProperties) = preSolution
		HideSolutionNode = FALSE
	EndGlobalSection
EndGlobal
